{
  "name": "node",
  "version": "1.0.0",
  "lockfileVersion": 1,
  "requires": true,
  "dependencies": {
    "bson": {
      "version": "1.0.9",
      "resolved": "http://registry.npm.taobao.org/bson/download/bson-1.0.9.tgz",
      "integrity": "sha1-EjGfgyOxJUc5t8a++NPomuBaL1c=",
      "dev": true
    },
    "buffer-shims": {
      "version": "1.0.0",
      "resolved": "http://registry.npm.taobao.org/buffer-shims/download/buffer-shims-1.0.0.tgz",
      "integrity": "sha1-mXjOMXOIxkmth5MCjDR37wRKi1E=",
      "dev": true
    },
    "core-util-is": {
      "version": "1.0.2",
      "resolved": "http://registry.npm.taobao.org/core-util-is/download/core-util-is-1.0.2.tgz",
      "integrity": "sha1-tf1UIgqivFq1eqtxQMlAdUUDwac=",
      "dev": true
    },
    "ejs": {
      "version": "2.6.1",
      "resolved": "http://registry.npm.taobao.org/ejs/download/ejs-2.6.1.tgz",
      "integrity": "sha1-SY7A1JVlWrxvI81hho2SZGQHGqA="
    },
    "es6-promise": {
      "version": "3.2.1",
      "resolved": "http://registry.npm.taobao.org/es6-promise/download/es6-promise-3.2.1.tgz",
      "integrity": "sha1-7FYjOGgDKQkgcXDDlEjiREndH8Q=",
      "dev": true
    },
    "inherits": {
      "version": "2.0.3",
      "resolved": "http://registry.npm.taobao.org/inherits/download/inherits-2.0.3.tgz",
      "integrity": "sha1-Yzwsg+PaQqUC9SRmAiSA9CCCYd4=",
      "dev": true
    },
    "isarray": {
      "version": "1.0.0",
      "resolved": "http://registry.npm.taobao.org/isarray/download/isarray-1.0.0.tgz",
      "integrity": "sha1-u5NdSFgsuhaMBoNJV6VKPgcSTxE=",
      "dev": true
    },
    "mongodb": {
      "version": "2.2.30",
      "resolved": "http://registry.npm.taobao.org/mongodb/download/mongodb-2.2.30.tgz",
      "integrity": "sha1-jM2AH2dsgXIEDC8rR+lgKg1WNKs=",
      "dev": true,
      "requires": {
        "es6-promise": "3.2.1",
        "mongodb-core": "2.1.14",
        "readable-stream": "2.2.7"
      }
    },
    "mongodb-core": {
      "version": "2.1.14",
      "resolved": "http://registry.npm.taobao.org/mongodb-core/download/mongodb-core-2.1.14.tgz",
      "integrity": "sha1-E8uidkImtb49GJkq8Mljzl6g8P0=",
      "dev": true,
      "requires": {
        "bson": "1.0.9",
        "require_optional": "1.0.1"
      }
    },
    "process-nextick-args": {
      "version": "1.0.7",
      "resolved": "http://registry.npm.taobao.org/process-nextick-args/download/process-nextick-args-1.0.7.tgz",
      "integrity": "sha1-FQ4gt1ZZCtP5EJPyWk8q2L/zC6M=",
      "dev": true
    },
    "readable-stream": {
      "version": "2.2.7",
      "resolved": "http://registry.npm.taobao.org/readable-stream/download/readable-stream-2.2.7.tgz",
      "integrity": "sha1-BwV6y+JGeyIELTb5jFrVBwVOlbE=",
      "dev": true,
      "requires": {
        "buffer-shims": "1.0.0",
        "core-util-is": "1.0.2",
        "inherits": "2.0.3",
        "isarray": "1.0.0",
        "process-nextick-args": "1.0.7",
        "string_decoder": "1.0.3",
        "util-deprecate": "1.0.2"
      }
    },
    "require_optional": {
      "version": "1.0.1",
      "resolved": "http://registry.npm.taobao.org/require_optional/download/require_optional-1.0.1.tgz",
      "integrity": "sha1-TPNaQkf2TKPfjC7yCMxJSxyo/C4=",
      "dev": true,
      "requires": {
        "resolve-from": "2.0.0",
        "semver": "5.5.0"
      }
    },
    "resolve-from": {
      "version": "2.0.0",
      "resolved": "http://registry.npm.taobao.org/resolve-from/download/resolve-from-2.0.0.tgz",
      "integrity": "sha1-lICrIOlP+h2egKgEx+oUdhGWa1c=",
      "dev": true
    },
    "safe-buffer": {
      "version": "5.1.2",
      "resolved": "http://registry.npm.taobao.org/safe-buffer/download/safe-buffer-5.1.2.tgz",
      "integrity": "sha1-mR7GnSluAxN0fVm9/St0XDX4go0=",
      "dev": true
    },
    "semver": {
      "version": "5.5.0",
      "resolved": "http://registry.npm.taobao.org/semver/download/semver-5.5.0.tgz",
      "integrity": "sha1-3Eu8emyp2Rbe5dQ1FvAJK1j3uKs=",
      "dev": true
    },
    "string_decoder": {
      "version": "1.0.3",
      "resolved": "http://registry.npm.taobao.org/string_decoder/download/string_decoder-1.0.3.tgz",
      "integrity": "sha1-D8Z9fBQYJd6UKC3VNr7GubzoYKs=",
      "dev": true,
      "requires": {
        "safe-buffer": "5.1.2"
      }
    },
    "util-deprecate": {
      "version": "1.0.2",
      "resolved": "http://registry.npm.taobao.org/util-deprecate/download/util-deprecate-1.0.2.tgz",
      "integrity": "sha1-RQ1Nyfpw3nMnYvvS1KKJgUGaDM8=",
      "dev": true
    }
  }
}
